
Microsoft Visual Studio Solution File, Format Version 12.00
# Visual Studio Version 16
VisualStudioVersion = 16.0.31129.286
MinimumVisualStudioVersion = 10.0.40219.1
Project("{9A19103F-16F7-4668-BE54-9A1E7A4F7556}") = "CovidCLI", "CovidCLI\CovidCLI.csproj", "{6349B443-9DC2-47D3-A3B3-809B50D84440}"
EndProject
Project("{9A19103F-16F7-4668-BE54-9A1E7A4F7556}") = "CovidLib", "CovidLib\CovidLib.csproj", "{714C4170-EA56-4B70-85C5-99F360915AFC}"
EndProject
Project("{9A19103F-16F7-4668-BE54-9A1E7A4F7556}") = "CovidUpdates", "CovidUpdates\CovidUpdates.csproj", "{967E42D9-777D-49DD-8A2C-1E93C64E4310}"
EndProject
Global
	GlobalSection(SolutionConfigurationPlatforms) = preSolution
		Debug|Any CPU = Debug|Any CPU
		Debug|ARM = Debug|ARM
		Debug|ARM64 = Debug|ARM64
		Debug|x64 = Debug|x64
		Debug|x86 = Debug|x86
		Release|Any CPU = Release|Any CPU
		Release|ARM = Release|ARM
		Release|ARM64 = Release|ARM64
		Release|x64 = Release|x64
		Release|x86 = Release|x86
	EndGlobalSection
	GlobalSection(ProjectConfigurationPlatforms) = postSolution
		{6349B443-9DC2-47D3-A3B3-809B50D84440}.Debug|Any CPU.ActiveCfg = Debug|Any CPU
		{6349B443-9DC2-47D3-A3B3-809B50D84440}.Debug|Any CPU.Build.0 = Debug|Any CPU
		{6349B443-9DC2-47D3-A3B3-809B50D84440}.Debug|ARM.ActiveCfg = Debug|Any CPU
		{6349B443-9DC2-47D3-A3B3-809B50D84440}.Debug|ARM.Build.0 = Debug|Any CPU
		{6349B443-9DC2-47D3-A3B3-809B50D84440}.Debug|ARM64.ActiveCfg = Debug|Any CPU
		{6349B443-9DC2-47D3-A3B3-809B50D84440}.Debug|ARM64.Build.0 = Debug|Any CPU
		{6349B443-9DC2-47D3-A3B3-809B50D84440}.Debug|x64.ActiveCfg = Debug|Any CPU
		{6349B443-9DC2-47D3-A3B3-809B50D84440}.Debug|x64.Build.0 = Debug|Any CPU
		{6349B443-9DC2-47D3-A3B3-809B50D84440}.Debug|x86.ActiveCfg = Debug|Any CPU
		{6349B443-9DC2-47D3-A3B3-809B50D84440}.Debug|x86.Build.0 = Debug|Any CPU
		{6349B443-9DC2-47D3-A3B3-809B50D84440}.Release|Any CPU.ActiveCfg = Release|Any CPU
		{6349B443-9DC2-47D3-A3B3-809B50D84440}.Release|Any CPU.Build.0 = Release|Any CPU
		{6349B443-9DC2-47D3-A3B3-809B50D84440}.Release|ARM.ActiveCfg = Release|Any CPU
		{6349B443-9DC2-47D3-A3B3-809B50D84440}.Release|ARM.Build.0 = Release|Any CPU
		{6349B443-9DC2-47D3-A3B3-809B50D84440}.Release|ARM64.ActiveCfg = Release|Any CPU
		{6349B443-9DC2-47D3-A3B3-809B50D84440}.Release|ARM64.Build.0 = Release|Any CPU
		{6349B443-9DC2-47D3-A3B3-809B50D84440}.Release|x64.ActiveCfg = Release|Any CPU
		{6349B443-9DC2-47D3-A3B3-809B50D84440}.Release|x64.Build.0 = Release|Any CPU
		{6349B443-9DC2-47D3-A3B3-809B50D84440}.Release|x86.ActiveCfg = Release|Any CPU
		{6349B443-9DC2-47D3-A3B3-809B50D84440}.Release|x86.Build.0 = Release|Any CPU
		{714C4170-EA56-4B70-85C5-99F360915AFC}.Debug|Any CPU.ActiveCfg = Debug|Any CPU
		{714C4170-EA56-4B70-85C5-99F360915AFC}.Debug|Any CPU.Build.0 = Debug|Any CPU
		{714C4170-EA56-4B70-85C5-99F360915AFC}.Debug|ARM.ActiveCfg = Debug|Any CPU
		{714C4170-EA56-4B70-85C5-99F360915AFC}.Debug|ARM.Build.0 = Debug|Any CPU
		{714C4170-EA56-4B70-85C5-99F360915AFC}.Debug|ARM64.ActiveCfg = Debug|Any CPU
		{714C4170-EA56-4B70-85C5-99F360915AFC}.Debug|ARM64.Build.0 = Debug|Any CPU
		{714C4170-EA56-4B70-85C5-99F360915AFC}.Debug|x64.ActiveCfg = Debug|Any CPU
		{714C4170-EA56-4B70-85C5-99F360915AFC}.Debug|x64.Build.0 = Debug|Any CPU
		{714C4170-EA56-4B70-85C5-99F360915AFC}.Debug|x86.ActiveCfg = Debug|Any CPU
		{714C4170-EA56-4B70-85C5-99F360915AFC}.Debug|x86.Build.0 = Debug|Any CPU
		{714C4170-EA56-4B70-85C5-99F360915AFC}.Release|Any CPU.ActiveCfg = Release|Any CPU
		{714C4170-EA56-4B70-85C5-99F360915AFC}.Release|Any CPU.Build.0 = Release|Any CPU
		{714C4170-EA56-4B70-85C5-99F360915AFC}.Release|ARM.ActiveCfg = Release|Any CPU
		{714C4170-EA56-4B70-85C5-99F360915AFC}.Release|ARM.Build.0 = Release|Any CPU
		{714C4170-EA56-4B70-85C5-99F360915AFC}.Release|ARM64.ActiveCfg = Release|Any CPU
		{714C4170-EA56-4B70-85C5-99F360915AFC}.Release|ARM64.Build.0 = Release|Any CPU
		{714C4170-EA56-4B70-85C5-99F360915AFC}.Release|x64.ActiveCfg = Release|Any CPU
		{714C4170-EA56-4B70-85C5-99F360915AFC}.Release|x64.Build.0 = Release|Any CPU
		{714C4170-EA56-4B70-85C5-99F360915AFC}.Release|x86.ActiveCfg = Release|Any CPU
		{714C4170-EA56-4B70-85C5-99F360915AFC}.Release|x86.Build.0 = Release|Any CPU
		{967E42D9-777D-49DD-8A2C-1E93C64E4310}.Debug|Any CPU.ActiveCfg = Debug|Any CPU
		{967E42D9-777D-49DD-8A2C-1E93C64E4310}.Debug|Any CPU.Build.0 = Debug|Any CPU
		{967E42D9-777D-49DD-8A2C-1E93C64E4310}.Debug|ARM.ActiveCfg = Debug|Any CPU
		{967E42D9-777D-49DD-8A2C-1E93C64E4310}.Debug|ARM.Build.0 = Debug|Any CPU
		{967E42D9-777D-49DD-8A2C-1E93C64E4310}.Debug|ARM64.ActiveCfg = Debug|Any CPU
		{967E42D9-777D-49DD-8A2C-1E93C64E4310}.Debug|ARM64.Build.0 = Debug|Any CPU
		{967E42D9-777D-49DD-8A2C-1E93C64E4310}.Debug|x64.ActiveCfg = Debug|Any CPU
		{967E42D9-777D-49DD-8A2C-1E93C64E4310}.Debug|x64.Build.0 = Debug|Any CPU
		{967E42D9-777D-49DD-8A2C-1E93C64E4310}.Debug|x86.ActiveCfg = Debug|Any CPU
		{967E42D9-777D-49DD-8A2C-1E93C64E4310}.Debug|x86.Build.0 = Debug|Any CPU
		{967E42D9-777D-49DD-8A2C-1E93C64E4310}.Release|Any CPU.ActiveCfg = Release|Any CPU
		{967E42D9-777D-49DD-8A2C-1E93C64E4310}.Release|Any CPU.Build.0 = Release|Any CPU
		{967E42D9-777D-49DD-8A2C-1E93C64E4310}.Release|ARM.ActiveCfg = Release|Any CPU
		{967E42D9-777D-49DD-8A2C-1E93C64E4310}.Release|ARM.Build.0 = Release|Any CPU
		{967E42D9-777D-49DD-8A2C-1E93C64E4310}.Release|ARM64.ActiveCfg = Release|Any CPU
		{967E42D9-777D-49DD-8A2C-1E93C64E4310}.Release|ARM64.Build.0 = Release|Any CPU
		{967E42D9-777D-49DD-8A2C-1E93C64E4310}.Release|x64.ActiveCfg = Release|Any CPU
		{967E42D9-777D-49DD-8A2C-1E93C64E4310}.Release|x64.Build.0 = Release|Any CPU
		{967E42D9-777D-49DD-8A2C-1E93C64E4310}.Release|x86.ActiveCfg = Release|Any CPU
		{967E42D9-777D-49DD-8A2C-1E93C64E4310}.Release|x86.Build.0 = Release|Any CPU
	EndGlobalSection
	GlobalSection(SolutionProperties) = preSolution
		HideSolutionNode = FALSE
	EndGlobalSection
	GlobalSection(ExtensibilityGlobals) = postSolution
		SolutionGuid = {F3500A9C-3AE2-4A9D-B850-C904ADF3702D}
	EndGlobalSection
EndGlobal
