
Microsoft Visual Studio Solution File, Format Version 12.00
# Visual Studio Version 16
VisualStudioVersion = 16.0.31129.286
MinimumVisualStudioVersion = 10.0.40219.1
Project("{FAE04EC0-301F-11D3-BF4B-00C04F79EFBC}") = "CovidCLI", "CovidCLI\CovidCLI.csproj", "{6349B443-9DC2-47D3-A3B3-809B50D84440}"
EndProject
Project("{FAE04EC0-301F-11D3-BF4B-00C04F79EFBC}") = "CovidLib", "CovidLib\CovidLib.csproj", "{714C4170-EA56-4B70-85C5-99F360915AFC}"
EndProject
Global
	GlobalSection(SolutionConfigurationPlatforms) = preSolution
		Debug|Any CPU = Debug|Any CPU
		Release|Any CPU = Release|Any CPU
	EndGlobalSection
	GlobalSection(ProjectConfigurationPlatforms) = postSolution
		{6349B443-9DC2-47D3-A3B3-809B50D84440}.Debug|Any CPU.ActiveCfg = Debug|Any CPU
		{6349B443-9DC2-47D3-A3B3-809B50D84440}.Debug|Any CPU.Build.0 = Debug|Any CPU
		{6349B443-9DC2-47D3-A3B3-809B50D84440}.Release|Any CPU.ActiveCfg = Release|Any CPU
		{6349B443-9DC2-47D3-A3B3-809B50D84440}.Release|Any CPU.Build.0 = Release|Any CPU
		{714C4170-EA56-4B70-85C5-99F360915AFC}.Debug|Any CPU.ActiveCfg = Debug|Any CPU
		{714C4170-EA56-4B70-85C5-99F360915AFC}.Debug|Any CPU.Build.0 = Debug|Any CPU
		{714C4170-EA56-4B70-85C5-99F360915AFC}.Release|Any CPU.ActiveCfg = Release|Any CPU
		{714C4170-EA56-4B70-85C5-99F360915AFC}.Release|Any CPU.Build.0 = Release|Any CPU
	EndGlobalSection
	GlobalSection(SolutionProperties) = preSolution
		HideSolutionNode = FALSE
	EndGlobalSection
	GlobalSection(ExtensibilityGlobals) = postSolution
		SolutionGuid = {F3500A9C-3AE2-4A9D-B850-C904ADF3702D}
	EndGlobalSection
EndGlobal
